
Microsoft Visual Studio Solution File, Format Version 12.00
# Visual Studio 15
VisualStudioVersion = 15.0.27703.2026
MinimumVisualStudioVersion = 10.0.40219.1
Project("{FAE04EC0-301F-11D3-BF4B-00C04F79EFBC}") = "ShareDemo.Android", "ShareDemo\ShareDemo.Android\ShareDemo.Android.csproj", "{1C997530-5545-4C33-BA11-EE3825E3FB54}"
EndProject
Project("{FAE04EC0-301F-11D3-BF4B-00C04F79EFBC}") = "ShareDemo.iOS", "ShareDemo\ShareDemo.iOS\ShareDemo.iOS.csproj", "{1D6F430A-71C8-4959-8AD1-CD919D762FEA}"
EndProject
Project("{FAE04EC0-301F-11D3-BF4B-00C04F79EFBC}") = "ShareDemo", "ShareDemo\ShareDemo\ShareDemo.csproj", "{DBEDA7CA-55ED-472B-8399-8BA2450521A7}"
EndProject
Global
	GlobalSection(SolutionConfigurationPlatforms) = preSolution
		Ad-Hoc|Any CPU = Ad-Hoc|Any CPU
		Ad-Hoc|iPhone = Ad-Hoc|iPhone
		Ad-Hoc|iPhoneSimulator = Ad-Hoc|iPhoneSimulator
		AppStore|Any CPU = AppStore|Any CPU
		AppStore|iPhone = AppStore|iPhone
		AppStore|iPhoneSimulator = AppStore|iPhoneSimulator
		Debug|Any CPU = Debug|Any CPU
		Debug|iPhone = Debug|iPhone
		Debug|iPhoneSimulator = Debug|iPhoneSimulator
		Release|Any CPU = Release|Any CPU
		Release|iPhone = Release|iPhone
		Release|iPhoneSimulator = Release|iPhoneSimulator
	EndGlobalSection
	GlobalSection(ProjectConfigurationPlatforms) = postSolution
		{1C997530-5545-4C33-BA11-EE3825E3FB54}.Ad-Hoc|Any CPU.ActiveCfg = Release|Any CPU
		{1C997530-5545-4C33-BA11-EE3825E3FB54}.Ad-Hoc|Any CPU.Build.0 = Release|Any CPU
		{1C997530-5545-4C33-BA11-EE3825E3FB54}.Ad-Hoc|Any CPU.Deploy.0 = Release|Any CPU
		{1C997530-5545-4C33-BA11-EE3825E3FB54}.Ad-Hoc|iPhone.ActiveCfg = Release|Any CPU
		{1C997530-5545-4C33-BA11-EE3825E3FB54}.Ad-Hoc|iPhone.Build.0 = Release|Any CPU
		{1C997530-5545-4C33-BA11-EE3825E3FB54}.Ad-Hoc|iPhone.Deploy.0 = Release|Any CPU
		{1C997530-5545-4C33-BA11-EE3825E3FB54}.Ad-Hoc|iPhoneSimulator.ActiveCfg = Release|Any CPU
		{1C997530-5545-4C33-BA11-EE3825E3FB54}.Ad-Hoc|iPhoneSimulator.Build.0 = Release|Any CPU
		{1C997530-5545-4C33-BA11-EE3825E3FB54}.Ad-Hoc|iPhoneSimulator.Deploy.0 = Release|Any CPU
		{1C997530-5545-4C33-BA11-EE3825E3FB54}.AppStore|Any CPU.ActiveCfg = Release|Any CPU
		{1C997530-5545-4C33-BA11-EE3825E3FB54}.AppStore|Any CPU.Build.0 = Release|Any CPU
		{1C997530-5545-4C33-BA11-EE3825E3FB54}.AppStore|Any CPU.Deploy.0 = Release|Any CPU
		{1C997530-5545-4C33-BA11-EE3825E3FB54}.AppStore|iPhone.ActiveCfg = Release|Any CPU
		{1C997530-5545-4C33-BA11-EE3825E3FB54}.AppStore|iPhone.Build.0 = Release|Any CPU
		{1C997530-5545-4C33-BA11-EE3825E3FB54}.AppStore|iPhone.Deploy.0 = Release|Any CPU
		{1C997530-5545-4C33-BA11-EE3825E3FB54}.AppStore|iPhoneSimulator.ActiveCfg = Release|Any CPU
		{1C997530-5545-4C33-BA11-EE3825E3FB54}.AppStore|iPhoneSimulator.Build.0 = Release|Any CPU
		{1C997530-5545-4C33-BA11-EE3825E3FB54}.AppStore|iPhoneSimulator.Deploy.0 = Release|Any CPU
		{1C997530-5545-4C33-BA11-EE3825E3FB54}.Debug|Any CPU.ActiveCfg = Debug|Any CPU
		{1C997530-5545-4C33-BA11-EE3825E3FB54}.Debug|Any CPU.Build.0 = Debug|Any CPU
		{1C997530-5545-4C33-BA11-EE3825E3FB54}.Debug|Any CPU.Deploy.0 = Debug|Any CPU
		{1C997530-5545-4C33-BA11-EE3825E3FB54}.Debug|iPhone.ActiveCfg = Debug|Any CPU
		{1C997530-5545-4C33-BA11-EE3825E3FB54}.Debug|iPhone.Build.0 = Debug|Any CPU
		{1C997530-5545-4C33-BA11-EE3825E3FB54}.Debug|iPhone.Deploy.0 = Debug|Any CPU
		{1C997530-5545-4C33-BA11-EE3825E3FB54}.Debug|iPhoneSimulator.ActiveCfg = Debug|Any CPU
		{1C997530-5545-4C33-BA11-EE3825E3FB54}.Debug|iPhoneSimulator.Build.0 = Debug|Any CPU
		{1C997530-5545-4C33-BA11-EE3825E3FB54}.Debug|iPhoneSimulator.Deploy.0 = Debug|Any CPU
		{1C997530-5545-4C33-BA11-EE3825E3FB54}.Release|Any CPU.ActiveCfg = Release|Any CPU
		{1C997530-5545-4C33-BA11-EE3825E3FB54}.Release|Any CPU.Build.0 = Release|Any CPU
		{1C997530-5545-4C33-BA11-EE3825E3FB54}.Release|Any CPU.Deploy.0 = Release|Any CPU
		{1C997530-5545-4C33-BA11-EE3825E3FB54}.Release|iPhone.ActiveCfg = Release|Any CPU
		{1C997530-5545-4C33-BA11-EE3825E3FB54}.Release|iPhone.Build.0 = Release|Any CPU
		{1C997530-5545-4C33-BA11-EE3825E3FB54}.Release|iPhone.Deploy.0 = Release|Any CPU
		{1C997530-5545-4C33-BA11-EE3825E3FB54}.Release|iPhoneSimulator.ActiveCfg = Release|Any CPU
		{1C997530-5545-4C33-BA11-EE3825E3FB54}.Release|iPhoneSimulator.Build.0 = Release|Any CPU
		{1C997530-5545-4C33-BA11-EE3825E3FB54}.Release|iPhoneSimulator.Deploy.0 = Release|Any CPU
		{1D6F430A-71C8-4959-8AD1-CD919D762FEA}.Ad-Hoc|Any CPU.ActiveCfg = Ad-Hoc|iPhone
		{1D6F430A-71C8-4959-8AD1-CD919D762FEA}.Ad-Hoc|Any CPU.Build.0 = Ad-Hoc|iPhone
		{1D6F430A-71C8-4959-8AD1-CD919D762FEA}.Ad-Hoc|Any CPU.Deploy.0 = Ad-Hoc|iPhone
		{1D6F430A-71C8-4959-8AD1-CD919D762FEA}.Ad-Hoc|iPhone.ActiveCfg = Ad-Hoc|iPhone
		{1D6F430A-71C8-4959-8AD1-CD919D762FEA}.Ad-Hoc|iPhone.Build.0 = Ad-Hoc|iPhone
		{1D6F430A-71C8-4959-8AD1-CD919D762FEA}.Ad-Hoc|iPhone.Deploy.0 = Ad-Hoc|iPhone
		{1D6F430A-71C8-4959-8AD1-CD919D762FEA}.Ad-Hoc|iPhoneSimulator.ActiveCfg = Ad-Hoc|iPhoneSimulator
		{1D6F430A-71C8-4959-8AD1-CD919D762FEA}.Ad-Hoc|iPhoneSimulator.Build.0 = Ad-Hoc|iPhoneSimulator
		{1D6F430A-71C8-4959-8AD1-CD919D762FEA}.Ad-Hoc|iPhoneSimulator.Deploy.0 = Ad-Hoc|iPhoneSimulator
		{1D6F430A-71C8-4959-8AD1-CD919D762FEA}.AppStore|Any CPU.ActiveCfg = AppStore|iPhone
		{1D6F430A-71C8-4959-8AD1-CD919D762FEA}.AppStore|Any CPU.Build.0 = AppStore|iPhone
		{1D6F430A-71C8-4959-8AD1-CD919D762FEA}.AppStore|Any CPU.Deploy.0 = AppStore|iPhone
		{1D6F430A-71C8-4959-8AD1-CD919D762FEA}.AppStore|iPhone.ActiveCfg = AppStore|iPhone
		{1D6F430A-71C8-4959-8AD1-CD919D762FEA}.AppStore|iPhone.Build.0 = AppStore|iPhone
		{1D6F430A-71C8-4959-8AD1-CD919D762FEA}.AppStore|iPhone.Deploy.0 = AppStore|iPhone
		{1D6F430A-71C8-4959-8AD1-CD919D762FEA}.AppStore|iPhoneSimulator.ActiveCfg = AppStore|iPhoneSimulator
		{1D6F430A-71C8-4959-8AD1-CD919D762FEA}.AppStore|iPhoneSimulator.Build.0 = AppStore|iPhoneSimulator
		{1D6F430A-71C8-4959-8AD1-CD919D762FEA}.AppStore|iPhoneSimulator.Deploy.0 = AppStore|iPhoneSimulator
		{1D6F430A-71C8-4959-8AD1-CD919D762FEA}.Debug|Any CPU.ActiveCfg = Debug|iPhoneSimulator
		{1D6F430A-71C8-4959-8AD1-CD919D762FEA}.Debug|Any CPU.Build.0 = Debug|iPhoneSimulator
		{1D6F430A-71C8-4959-8AD1-CD919D762FEA}.Debug|Any CPU.Deploy.0 = Debug|iPhoneSimulator
		{1D6F430A-71C8-4959-8AD1-CD919D762FEA}.Debug|iPhone.ActiveCfg = Debug|iPhone
		{1D6F430A-71C8-4959-8AD1-CD919D762FEA}.Debug|iPhone.Build.0 = Debug|iPhone
		{1D6F430A-71C8-4959-8AD1-CD919D762FEA}.Debug|iPhone.Deploy.0 = Debug|iPhone
		{1D6F430A-71C8-4959-8AD1-CD919D762FEA}.Debug|iPhoneSimulator.ActiveCfg = Debug|iPhoneSimulator
		{1D6F430A-71C8-4959-8AD1-CD919D762FEA}.Debug|iPhoneSimulator.Build.0 = Debug|iPhoneSimulator
		{1D6F430A-71C8-4959-8AD1-CD919D762FEA}.Debug|iPhoneSimulator.Deploy.0 = Debug|iPhoneSimulator
		{1D6F430A-71C8-4959-8AD1-CD919D762FEA}.Release|Any CPU.ActiveCfg = Release|iPhone
		{1D6F430A-71C8-4959-8AD1-CD919D762FEA}.Release|Any CPU.Build.0 = Release|iPhone
		{1D6F430A-71C8-4959-8AD1-CD919D762FEA}.Release|Any CPU.Deploy.0 = Release|iPhone
		{1D6F430A-71C8-4959-8AD1-CD919D762FEA}.Release|iPhone.ActiveCfg = Release|iPhone
		{1D6F430A-71C8-4959-8AD1-CD919D762FEA}.Release|iPhone.Build.0 = Release|iPhone
		{1D6F430A-71C8-4959-8AD1-CD919D762FEA}.Release|iPhone.Deploy.0 = Release|iPhone
		{1D6F430A-71C8-4959-8AD1-CD919D762FEA}.Release|iPhoneSimulator.ActiveCfg = Release|iPhoneSimulator
		{1D6F430A-71C8-4959-8AD1-CD919D762FEA}.Release|iPhoneSimulator.Build.0 = Release|iPhoneSimulator
		{1D6F430A-71C8-4959-8AD1-CD919D762FEA}.Release|iPhoneSimulator.Deploy.0 = Release|iPhoneSimulator
		{DBEDA7CA-55ED-472B-8399-8BA2450521A7}.Ad-Hoc|Any CPU.ActiveCfg = Debug|Any CPU
		{DBEDA7CA-55ED-472B-8399-8BA2450521A7}.Ad-Hoc|Any CPU.Build.0 = Debug|Any CPU
		{DBEDA7CA-55ED-472B-8399-8BA2450521A7}.Ad-Hoc|Any CPU.Deploy.0 = Debug|Any CPU
		{DBEDA7CA-55ED-472B-8399-8BA2450521A7}.Ad-Hoc|iPhone.ActiveCfg = Debug|Any CPU
		{DBEDA7CA-55ED-472B-8399-8BA2450521A7}.Ad-Hoc|iPhone.Build.0 = Debug|Any CPU
		{DBEDA7CA-55ED-472B-8399-8BA2450521A7}.Ad-Hoc|iPhone.Deploy.0 = Debug|Any CPU
		{DBEDA7CA-55ED-472B-8399-8BA2450521A7}.Ad-Hoc|iPhoneSimulator.ActiveCfg = Debug|Any CPU
		{DBEDA7CA-55ED-472B-8399-8BA2450521A7}.Ad-Hoc|iPhoneSimulator.Build.0 = Debug|Any CPU
		{DBEDA7CA-55ED-472B-8399-8BA2450521A7}.Ad-Hoc|iPhoneSimulator.Deploy.0 = Debug|Any CPU
		{DBEDA7CA-55ED-472B-8399-8BA2450521A7}.AppStore|Any CPU.ActiveCfg = Debug|Any CPU
		{DBEDA7CA-55ED-472B-8399-8BA2450521A7}.AppStore|Any CPU.Build.0 = Debug|Any CPU
		{DBEDA7CA-55ED-472B-8399-8BA2450521A7}.AppStore|Any CPU.Deploy.0 = Debug|Any CPU
		{DBEDA7CA-55ED-472B-8399-8BA2450521A7}.AppStore|iPhone.ActiveCfg = Debug|Any CPU
		{DBEDA7CA-55ED-472B-8399-8BA2450521A7}.AppStore|iPhone.Build.0 = Debug|Any CPU
		{DBEDA7CA-55ED-472B-8399-8BA2450521A7}.AppStore|iPhone.Deploy.0 = Debug|Any CPU
		{DBEDA7CA-55ED-472B-8399-8BA2450521A7}.AppStore|iPhoneSimulator.ActiveCfg = Debug|Any CPU
		{DBEDA7CA-55ED-472B-8399-8BA2450521A7}.AppStore|iPhoneSimulator.Build.0 = Debug|Any CPU
		{DBEDA7CA-55ED-472B-8399-8BA2450521A7}.AppStore|iPhoneSimulator.Deploy.0 = Debug|Any CPU
		{DBEDA7CA-55ED-472B-8399-8BA2450521A7}.Debug|Any CPU.ActiveCfg = Debug|Any CPU
		{DBEDA7CA-55ED-472B-8399-8BA2450521A7}.Debug|Any CPU.Build.0 = Debug|Any CPU
		{DBEDA7CA-55ED-472B-8399-8BA2450521A7}.Debug|Any CPU.Deploy.0 = Debug|Any CPU
		{DBEDA7CA-55ED-472B-8399-8BA2450521A7}.Debug|iPhone.ActiveCfg = Debug|Any CPU
		{DBEDA7CA-55ED-472B-8399-8BA2450521A7}.Debug|iPhone.Build.0 = Debug|Any CPU
		{DBEDA7CA-55ED-472B-8399-8BA2450521A7}.Debug|iPhone.Deploy.0 = Debug|Any CPU
		{DBEDA7CA-55ED-472B-8399-8BA2450521A7}.Debug|iPhoneSimulator.ActiveCfg = Debug|Any CPU
		{DBEDA7CA-55ED-472B-8399-8BA2450521A7}.Debug|iPhoneSimulator.Build.0 = Debug|Any CPU
		{DBEDA7CA-55ED-472B-8399-8BA2450521A7}.Debug|iPhoneSimulator.Deploy.0 = Debug|Any CPU
		{DBEDA7CA-55ED-472B-8399-8BA2450521A7}.Release|Any CPU.ActiveCfg = Release|Any CPU
		{DBEDA7CA-55ED-472B-8399-8BA2450521A7}.Release|Any CPU.Build.0 = Release|Any CPU
		{DBEDA7CA-55ED-472B-8399-8BA2450521A7}.Release|Any CPU.Deploy.0 = Release|Any CPU
		{DBEDA7CA-55ED-472B-8399-8BA2450521A7}.Release|iPhone.ActiveCfg = Release|Any CPU
		{DBEDA7CA-55ED-472B-8399-8BA2450521A7}.Release|iPhone.Build.0 = Release|Any CPU
		{DBEDA7CA-55ED-472B-8399-8BA2450521A7}.Release|iPhone.Deploy.0 = Release|Any CPU
		{DBEDA7CA-55ED-472B-8399-8BA2450521A7}.Release|iPhoneSimulator.ActiveCfg = Release|Any CPU
		{DBEDA7CA-55ED-472B-8399-8BA2450521A7}.Release|iPhoneSimulator.Build.0 = Release|Any CPU
		{DBEDA7CA-55ED-472B-8399-8BA2450521A7}.Release|iPhoneSimulator.Deploy.0 = Release|Any CPU
	EndGlobalSection
	GlobalSection(SolutionProperties) = preSolution
		HideSolutionNode = FALSE
	EndGlobalSection
	GlobalSection(ExtensibilityGlobals) = postSolution
		SolutionGuid = {D69048B9-3C1A-42FC-B27F-6409342291BD}
	EndGlobalSection
EndGlobal
